
Microsoft Visual Studio Solution File, Format Version 12.00
# Visual Studio Version 17
VisualStudioVersion = 17.1.32210.238
MinimumVisualStudioVersion = 10.0.40219.1
Project("{FAE04EC0-301F-11D3-BF4B-00C04F79EFBC}") = "GreenHouse.Android", "GreenHouse.Android\GreenHouse.Android.csproj", "{FC5A288F-A369-4B59-A369-A8A2B1D9B9E7}"
EndProject
Project("{FAE04EC0-301F-11D3-BF4B-00C04F79EFBC}") = "GreenHouse", "GreenHouse\GreenHouse.csproj", "{B3C0BE7E-DDD2-4892-9EBB-D780C9F8B135}"
EndProject
Global
	GlobalSection(SolutionConfigurationPlatforms) = preSolution
		Debug|Any CPU = Debug|Any CPU
		Release|Any CPU = Release|Any CPU
	EndGlobalSection
	GlobalSection(ProjectConfigurationPlatforms) = postSolution
		{FC5A288F-A369-4B59-A369-A8A2B1D9B9E7}.Debug|Any CPU.ActiveCfg = Debug|Any CPU
		{FC5A288F-A369-4B59-A369-A8A2B1D9B9E7}.Debug|Any CPU.Build.0 = Debug|Any CPU
		{FC5A288F-A369-4B59-A369-A8A2B1D9B9E7}.Debug|Any CPU.Deploy.0 = Debug|Any CPU
		{FC5A288F-A369-4B59-A369-A8A2B1D9B9E7}.Release|Any CPU.ActiveCfg = Release|Any CPU
		{FC5A288F-A369-4B59-A369-A8A2B1D9B9E7}.Release|Any CPU.Build.0 = Release|Any CPU
		{FC5A288F-A369-4B59-A369-A8A2B1D9B9E7}.Release|Any CPU.Deploy.0 = Release|Any CPU
		{B3C0BE7E-DDD2-4892-9EBB-D780C9F8B135}.Debug|Any CPU.ActiveCfg = Debug|Any CPU
		{B3C0BE7E-DDD2-4892-9EBB-D780C9F8B135}.Debug|Any CPU.Build.0 = Debug|Any CPU
		{B3C0BE7E-DDD2-4892-9EBB-D780C9F8B135}.Debug|Any CPU.Deploy.0 = Debug|Any CPU
		{B3C0BE7E-DDD2-4892-9EBB-D780C9F8B135}.Release|Any CPU.ActiveCfg = Release|Any CPU
		{B3C0BE7E-DDD2-4892-9EBB-D780C9F8B135}.Release|Any CPU.Build.0 = Release|Any CPU
		{B3C0BE7E-DDD2-4892-9EBB-D780C9F8B135}.Release|Any CPU.Deploy.0 = Release|Any CPU
	EndGlobalSection
	GlobalSection(SolutionProperties) = preSolution
		HideSolutionNode = FALSE
	EndGlobalSection
	GlobalSection(ExtensibilityGlobals) = postSolution
		SolutionGuid = {23AB399F-54A8-4D13-97C5-503D4A06655C}
	EndGlobalSection
EndGlobal
